
Microsoft Visual Studio Solution File, Format Version 12.00
# Visual Studio Version 17
VisualStudioVersion = 17.0.32112.339
MinimumVisualStudioVersion = 10.0.40219.1
Project("{FAE04EC0-301F-11D3-BF4B-00C04F79EFBC}") = "OBApp", "OBApp.csproj", "{27CD1B6D-2B8F-4401-927A-1FC661451BAB}"
EndProject
Global
	GlobalSection(SolutionConfigurationPlatforms) = preSolution
		Debug|Any CPU = Debug|Any CPU
		Release|Any CPU = Release|Any CPU
	EndGlobalSection
	GlobalSection(ProjectConfigurationPlatforms) = postSolution
		{27CD1B6D-2B8F-4401-927A-1FC661451BAB}.Debug|Any CPU.ActiveCfg = Debug|Any CPU
		{27CD1B6D-2B8F-4401-927A-1FC661451BAB}.Debug|Any CPU.Build.0 = Debug|Any CPU
		{27CD1B6D-2B8F-4401-927A-1FC661451BAB}.Release|Any CPU.ActiveCfg = Release|Any CPU
		{27CD1B6D-2B8F-4401-927A-1FC661451BAB}.Release|Any CPU.Build.0 = Release|Any CPU
	EndGlobalSection
	GlobalSection(SolutionProperties) = preSolution
		HideSolutionNode = FALSE
	EndGlobalSection
	GlobalSection(ExtensibilityGlobals) = postSolution
		SolutionGuid = {E211D322-C933-420E-8D6D-FC6425F2F097}
	EndGlobalSection
EndGlobal
